
Microsoft Visual Studio Solution File, Format Version 12.00
# Visual Studio Version 17
VisualStudioVersion = 17.8.34511.84
MinimumVisualStudioVersion = 10.0.40219.1
Project("{FAE04EC0-301F-11D3-BF4B-00C04F79EFBC}") = "TicTacToe", "TicTacToe\TicTacToe.csproj", "{D5B7EA2E-1E87-46F7-9F83-1FC8336C434D}"
EndProject
Global
	GlobalSection(SolutionConfigurationPlatforms) = preSolution
		Debug|Any CPU = Debug|Any CPU
		Release|Any CPU = Release|Any CPU
	EndGlobalSection
	GlobalSection(ProjectConfigurationPlatforms) = postSolution
		{D5B7EA2E-1E87-46F7-9F83-1FC8336C434D}.Debug|Any CPU.ActiveCfg = Debug|Any CPU
		{D5B7EA2E-1E87-46F7-9F83-1FC8336C434D}.Debug|Any CPU.Build.0 = Debug|Any CPU
		{D5B7EA2E-1E87-46F7-9F83-1FC8336C434D}.Release|Any CPU.ActiveCfg = Release|Any CPU
		{D5B7EA2E-1E87-46F7-9F83-1FC8336C434D}.Release|Any CPU.Build.0 = Release|Any CPU
	EndGlobalSection
	GlobalSection(SolutionProperties) = preSolution
		HideSolutionNode = FALSE
	EndGlobalSection
	GlobalSection(ExtensibilityGlobals) = postSolution
		SolutionGuid = {D81F22F9-3189-4AE2-8A32-C1914F1DB504}
	EndGlobalSection
EndGlobal
